
Microsoft Visual Studio Solution File, Format Version 12.00
# Visual Studio Version 16
VisualStudioVersion = 16.0.33130.400
MinimumVisualStudioVersion = 10.0.40219.1
Project("{FAE04EC0-301F-11D3-BF4B-00C04F79EFBC}") = "JessMission2", "JessMission2\JessMission2.csproj", "{78807572-984C-4DD3-B4B0-58ABFDA3D7CC}"
EndProject
Global
	GlobalSection(SolutionConfigurationPlatforms) = preSolution
		Debug|Any CPU = Debug|Any CPU
		Release|Any CPU = Release|Any CPU
	EndGlobalSection
	GlobalSection(ProjectConfigurationPlatforms) = postSolution
		{78807572-984C-4DD3-B4B0-58ABFDA3D7CC}.Debug|Any CPU.ActiveCfg = Debug|Any CPU
		{78807572-984C-4DD3-B4B0-58ABFDA3D7CC}.Debug|Any CPU.Build.0 = Debug|Any CPU
		{78807572-984C-4DD3-B4B0-58ABFDA3D7CC}.Release|Any CPU.ActiveCfg = Release|Any CPU
		{78807572-984C-4DD3-B4B0-58ABFDA3D7CC}.Release|Any CPU.Build.0 = Release|Any CPU
	EndGlobalSection
	GlobalSection(SolutionProperties) = preSolution
		HideSolutionNode = FALSE
	EndGlobalSection
	GlobalSection(ExtensibilityGlobals) = postSolution
		SolutionGuid = {35280327-A22E-4861-AAE6-BCCC1BE18834}
	EndGlobalSection
EndGlobal
